{
    "hash": "9ac1ed8e60bb4a3bf07e838fd8f1af26",
    "packages": [
        {
            "package": "doctrine/common",
            "version": "2.3.x-dev",
            "source-reference": "bb0aebbf234db52df476a2b473d434745b34221c",
            "commit-date": "1348120518"
        },
        {
            "package": "kriswallsmith/assetic",
            "version": "dev-master",
            "alias-pretty-version": "1.1.x-dev",
            "alias-version": "1.1.9999999.9999999-dev"
        },
        {
            "package": "kriswallsmith/assetic",
            "version": "dev-master",
            "source-reference": "a6baab9b4c4361aca51bf90ee47c1586dff3cb0c",
            "commit-date": "1347622188"
        },
        {
            "package": "sensio/distribution-bundle",
            "version": "2.1.x-dev",
            "source-reference": "v2.1.1",
            "commit-date": "1347340208"
        },
        {
            "package": "sensio/framework-extra-bundle",
            "version": "2.1.x-dev",
            "source-reference": "86a68df44eb50a64042d05a3f09548d2c21d4456",
            "commit-date": "1348064274"
        },
        {
            "package": "sensio/generator-bundle",
            "version": "2.1.x-dev",
            "source-reference": "3a65c9bf7d31aecacffc15a48f5eb2ece3615ef0",
            "commit-date": "1348030981"
        },
        {
            "package": "symfony/assetic-bundle",
            "version": "dev-master",
            "alias-pretty-version": "2.1.x-dev",
            "alias-version": "2.1.9999999.9999999-dev"
        },
        {
            "package": "symfony/assetic-bundle",
            "version": "dev-master",
            "source-reference": "64345e86761444c35679e1aed424e1ed2370f0de",
            "commit-date": "1347626244"
        },
        {
            "package": "symfony/symfony",
            "version": "2.1.x-dev",
            "source-reference": "f1e6063c0a42065adf026811127f3db1d7a79eb5",
            "commit-date": "1348035223"
        },
        {
            "package": "twig/extensions",
            "version": "dev-master",
            "alias-pretty-version": "1.0.x-dev",
            "alias-version": "1.0.9999999.9999999-dev"
        },
        {
            "package": "twig/extensions",
            "version": "dev-master",
            "source-reference": "f904575642b1213db69b4a98f08397e722ba1cae",
            "commit-date": "1346770278"
        },
        {
            "package": "twig/twig",
            "version": "dev-master",
            "alias-pretty-version": "1.10.x-dev",
            "alias-version": "1.10.9999999.9999999-dev"
        },
        {
            "package": "twig/twig",
            "version": "dev-master",
            "source-reference": "b4d1d62b82e83c6fd3d5a6cd46a186de64275bb4",
            "commit-date": "1347961095"
        }
    ],
    "packages-dev": null,
    "aliases": [

    ],
    "minimum-stability": "dev",
    "stability-flags": {
        "twig/extensions": 20,
        "symfony/assetic-bundle": 20
    }
}
